{
    "_meta": {
        "hash": {
            "sha256": "e31c11fd4cac903826ba5f8a1bafe9eb17300ca9bf873177b13a271a5e3d4e34"
        },
        "pipfile-spec": 6,
        "requires": {
            "python_version": "3.*"
        },
        "sources": [
            {
                "name": "pypi",
                "url": "https://pypi.org/simple",
                "verify_ssl": true
            }
        ]
    },
    "default": {
        "matplotlib": "*",
        "numpy": "*"
    },
    "develop": {
        "ipympl": "*",
        "jupyterlab": "*"
    }
}
